
Microsoft Visual Studio Solution File, Format Version 12.00
# Visual Studio Version 17
VisualStudioVersion = 17.10.35013.160
MinimumVisualStudioVersion = 10.0.40219.1
Project("{FAE04EC0-301F-11D3-BF4B-00C04F79EFBC}") = "WebAppAngularAPI", "WebAppAngularAPI.csproj", "{23C1FB22-046C-40F1-B3B8-45A066CC0D9E}"
EndProject
Global
	GlobalSection(SolutionConfigurationPlatforms) = preSolution
		Debug|Any CPU = Debug|Any CPU
		Release|Any CPU = Release|Any CPU
	EndGlobalSection
	GlobalSection(ProjectConfigurationPlatforms) = postSolution
		{23C1FB22-046C-40F1-B3B8-45A066CC0D9E}.Debug|Any CPU.ActiveCfg = Debug|Any CPU
		{23C1FB22-046C-40F1-B3B8-45A066CC0D9E}.Debug|Any CPU.Build.0 = Debug|Any CPU
		{23C1FB22-046C-40F1-B3B8-45A066CC0D9E}.Release|Any CPU.ActiveCfg = Release|Any CPU
		{23C1FB22-046C-40F1-B3B8-45A066CC0D9E}.Release|Any CPU.Build.0 = Release|Any CPU
	EndGlobalSection
	GlobalSection(SolutionProperties) = preSolution
		HideSolutionNode = FALSE
	EndGlobalSection
	GlobalSection(ExtensibilityGlobals) = postSolution
		SolutionGuid = {00FE5A73-3CEA-4AF4-B559-9D95CA9DCD3F}
	EndGlobalSection
EndGlobal
